
Microsoft Visual Studio Solution File, Format Version 12.00
# Visual Studio 15
Project("{D954291E-2A0B-460D-934E-DC6B0785DB48}") = "Shared", "Shared\Shared.shproj", "{B8A5CFB4-A466-4784-A9DD-12B6B06A7980}"
EndProject
Project("{FAE04EC0-301F-11D3-BF4B-00C04F79EFBC}") = "MultiPlatform", "MultiPlatform\MultiPlatform.csproj", "{9454C73B-030B-4100-B3D0-44176E855C31}"
EndProject
Project("{FAE04EC0-301F-11D3-BF4B-00C04F79EFBC}") = "macOS", "macOS\macOS.csproj", "{B2F444D7-C961-4F61-B716-DAE3D1E18891}"
EndProject
Global
	GlobalSection(SolutionConfigurationPlatforms) = preSolution
		Debug|anycpu = Debug|anycpu
		Release|anycpu = Release|anycpu
	EndGlobalSection
	GlobalSection(ProjectConfigurationPlatforms) = postSolution
		{9454C73B-030B-4100-B3D0-44176E855C31}.Debug|anycpu.ActiveCfg = Debug|anycpu
		{9454C73B-030B-4100-B3D0-44176E855C31}.Debug|anycpu.Build.0 = Debug|anycpu
		{9454C73B-030B-4100-B3D0-44176E855C31}.Release|anycpu.ActiveCfg = Release|anycpu
		{9454C73B-030B-4100-B3D0-44176E855C31}.Release|anycpu.Build.0 = Release|anycpu
		{B2F444D7-C961-4F61-B716-DAE3D1E18891}.Debug|anycpu.ActiveCfg = Debug|Any CPU
		{B2F444D7-C961-4F61-B716-DAE3D1E18891}.Debug|anycpu.Build.0 = Debug|Any CPU
		{B2F444D7-C961-4F61-B716-DAE3D1E18891}.Release|anycpu.ActiveCfg = Release|Any CPU
		{B2F444D7-C961-4F61-B716-DAE3D1E18891}.Release|anycpu.Build.0 = Release|Any CPU
	EndGlobalSection
	GlobalSection(MonoDevelopProperties) = preSolution
		Policies = $0
		$0.DotNetNamingPolicy = $1
		$1.DirectoryNamespaceAssociation = PrefixedHierarchical
		$0.TextStylePolicy = $2
		$2.inheritsSet = null
		$2.scope = text/x-csharp
		$0.CSharpFormattingPolicy = $3
		$3.scope = text/x-csharp
		$0.TextStylePolicy = $4
		$4.FileWidth = 80
		$4.TabsToSpaces = True
		$4.scope = text/plain
		$0.TextStylePolicy = $5
		$5.inheritsSet = null
		$5.scope = application/config+xml
		$0.XmlFormattingPolicy = $6
		$6.inheritsSet = null
		$6.scope = application/config+xml
		$0.TextStylePolicy = $7
		$7.inheritsSet = null
		$7.scope = application/xml
		$0.XmlFormattingPolicy = $8
		$8.scope = application/xml
		$0.TextStylePolicy = $9
		$9.inheritsSet = null
		$9.scope = text/x-json
		$0.JSONFormattingPolicy = $10
		$10.AutoStructureCompletion = True
		$10.BracePositions = SemiExpanded
		$10.FormatOnPaste = True
		$10.scope = text/x-json
		$0.TextStylePolicy = $11
		$11.inheritsSet = null
		$11.scope = text/x-web
		$0.TextStylePolicy = $12
		$12.inheritsSet = null
		$12.scope = text/x-vs
		$0.TextStylePolicy = $13
		$13.inheritsSet = null
		$13.scope = application/vnd.apple-xcode-storyboard
		$0.XmlFormattingPolicy = $14
		$14.inheritsSet = null
		$14.scope = application/vnd.apple-xcode-storyboard
		$0.StandardHeader = $15
		$0.VersionControlPolicy = $16
	EndGlobalSection
EndGlobal
